# Generated by buf. DO NOT EDIT.
version: v1
deps:
  - remote: buf.build
    owner: googleapis
    repository: googleapis
    commit: 28151c0d0a1641bf938a7672c500e01d
    digest: shake256:49215edf8ef57f7863004539deff8834cfb2195113f0b890dd1f67815d9353e28e668019165b9d872395871eeafcbab3ccfdb2b5f11734d3cca95be9e8d139de
  - remote: buf.build
    owner: mocha
    repository: extensions
    commit: ca8f53b9856946a787ded439a1908ad5
    digest: shake256:780f438b88c299dce9e5cfde0bed6c2639ee111a75d96b2f15348764205b6b6053189d819e8ab01a13711a027c8b9c78ad97a0927cd7340e9c92752a54d14ac3
