# Generated by buf. DO NOT EDIT.
version: v1
deps:
  - remote: buf.build
    owner: googleapis
    repository: googleapis
    commit: 28151c0d0a1641bf938a7672c500e01d
    digest: shake256:49215edf8ef57f7863004539deff8834cfb2195113f0b890dd1f67815d9353e28e668019165b9d872395871eeafcbab3ccfdb2b5f11734d3cca95be9e8d139de
  - remote: buf.build
    owner: mocha
    repository: extensions
    commit: c028fb674af646909777d2789500426f
    digest: shake256:ab35b80cca54749a855e93f578b9d2887f292c2412f18d651f86d4d97869f1ffc43d515ebdfe1ccc53a451068feefd0881a4021b1d6e2f72ab3831b29d7cafb7
